{
  "name": "client",
  "version": "1.0.0",
  "lockfileVersion": 1,
  "requires": true,
  "dependencies": {
    "semantic-styles": {
      "version": "0.0.11",
      "resolved": "https://registry.npmjs.org/semantic-styles/-/semantic-styles-0.0.11.tgz",
      "integrity": "sha512-l0hIeoz6ph7Pr8IbI00UJF68K9r2rWMkbtzXh87Gzq9s53utO/4MwAhyR9B+WehHGC42gReMbTQ5KWMphm+QeA=="
    }
  }
}
